
Microsoft Visual Studio Solution File, Format Version 12.00
# Visual Studio 15
VisualStudioVersion = 15.0.28307.136
MinimumVisualStudioVersion = 10.0.40219.1
Project("{8BC9CEB8-8B4A-11D0-8D11-00A0C91BC942}") = "SWEA 5653 줄기세포배양", "SWEA 5653 줄기세포배양\SWEA 5653 줄기세포배양.vcxproj", "{55D616A5-1252-4FD9-A70C-A1C2B76BFDDC}"
EndProject
Global
	GlobalSection(SolutionConfigurationPlatforms) = preSolution
		Debug|x64 = Debug|x64
		Debug|x86 = Debug|x86
		Release|x64 = Release|x64
		Release|x86 = Release|x86
	EndGlobalSection
	GlobalSection(ProjectConfigurationPlatforms) = postSolution
		{55D616A5-1252-4FD9-A70C-A1C2B76BFDDC}.Debug|x64.ActiveCfg = Debug|x64
		{55D616A5-1252-4FD9-A70C-A1C2B76BFDDC}.Debug|x64.Build.0 = Debug|x64
		{55D616A5-1252-4FD9-A70C-A1C2B76BFDDC}.Debug|x86.ActiveCfg = Debug|Win32
		{55D616A5-1252-4FD9-A70C-A1C2B76BFDDC}.Debug|x86.Build.0 = Debug|Win32
		{55D616A5-1252-4FD9-A70C-A1C2B76BFDDC}.Release|x64.ActiveCfg = Release|x64
		{55D616A5-1252-4FD9-A70C-A1C2B76BFDDC}.Release|x64.Build.0 = Release|x64
		{55D616A5-1252-4FD9-A70C-A1C2B76BFDDC}.Release|x86.ActiveCfg = Release|Win32
		{55D616A5-1252-4FD9-A70C-A1C2B76BFDDC}.Release|x86.Build.0 = Release|Win32
	EndGlobalSection
	GlobalSection(SolutionProperties) = preSolution
		HideSolutionNode = FALSE
	EndGlobalSection
	GlobalSection(ExtensibilityGlobals) = postSolution
		SolutionGuid = {CF7BA441-20C6-409B-AB28-95D71D711E96}
	EndGlobalSection
EndGlobal
