
Microsoft Visual Studio Solution File, Format Version 12.00
# Visual Studio 15
VisualStudioVersion = 15.0.28307.572
MinimumVisualStudioVersion = 10.0.40219.1
Project("{8BC9CEB8-8B4A-11D0-8D11-00A0C91BC942}") = "17135 캐슬 디펜스", "17135 캐슬 디펜스\17135 캐슬 디펜스.vcxproj", "{9361B0C8-46F0-49F9-AA81-AB30C479AA60}"
EndProject
Global
	GlobalSection(SolutionConfigurationPlatforms) = preSolution
		Debug|x64 = Debug|x64
		Debug|x86 = Debug|x86
		Release|x64 = Release|x64
		Release|x86 = Release|x86
	EndGlobalSection
	GlobalSection(ProjectConfigurationPlatforms) = postSolution
		{9361B0C8-46F0-49F9-AA81-AB30C479AA60}.Debug|x64.ActiveCfg = Debug|x64
		{9361B0C8-46F0-49F9-AA81-AB30C479AA60}.Debug|x64.Build.0 = Debug|x64
		{9361B0C8-46F0-49F9-AA81-AB30C479AA60}.Debug|x86.ActiveCfg = Debug|Win32
		{9361B0C8-46F0-49F9-AA81-AB30C479AA60}.Debug|x86.Build.0 = Debug|Win32
		{9361B0C8-46F0-49F9-AA81-AB30C479AA60}.Release|x64.ActiveCfg = Release|x64
		{9361B0C8-46F0-49F9-AA81-AB30C479AA60}.Release|x64.Build.0 = Release|x64
		{9361B0C8-46F0-49F9-AA81-AB30C479AA60}.Release|x86.ActiveCfg = Release|Win32
		{9361B0C8-46F0-49F9-AA81-AB30C479AA60}.Release|x86.Build.0 = Release|Win32
	EndGlobalSection
	GlobalSection(SolutionProperties) = preSolution
		HideSolutionNode = FALSE
	EndGlobalSection
	GlobalSection(ExtensibilityGlobals) = postSolution
		SolutionGuid = {BBD0D9F5-A984-45FF-A2FE-0838F829C0B2}
	EndGlobalSection
EndGlobal
