
Microsoft Visual Studio Solution File, Format Version 12.00
# Visual Studio 15
VisualStudioVersion = 15.0.28307.136
MinimumVisualStudioVersion = 10.0.40219.1
Project("{8BC9CEB8-8B4A-11D0-8D11-00A0C91BC942}") = "2573 빙산ㄱ", "2573 빙산ㄱ\2573 빙산ㄱ.vcxproj", "{34C894D8-810C-4F65-9B1E-AB5B76916761}"
EndProject
Global
	GlobalSection(SolutionConfigurationPlatforms) = preSolution
		Debug|x64 = Debug|x64
		Debug|x86 = Debug|x86
		Release|x64 = Release|x64
		Release|x86 = Release|x86
	EndGlobalSection
	GlobalSection(ProjectConfigurationPlatforms) = postSolution
		{34C894D8-810C-4F65-9B1E-AB5B76916761}.Debug|x64.ActiveCfg = Debug|x64
		{34C894D8-810C-4F65-9B1E-AB5B76916761}.Debug|x64.Build.0 = Debug|x64
		{34C894D8-810C-4F65-9B1E-AB5B76916761}.Debug|x86.ActiveCfg = Debug|Win32
		{34C894D8-810C-4F65-9B1E-AB5B76916761}.Debug|x86.Build.0 = Debug|Win32
		{34C894D8-810C-4F65-9B1E-AB5B76916761}.Release|x64.ActiveCfg = Release|x64
		{34C894D8-810C-4F65-9B1E-AB5B76916761}.Release|x64.Build.0 = Release|x64
		{34C894D8-810C-4F65-9B1E-AB5B76916761}.Release|x86.ActiveCfg = Release|Win32
		{34C894D8-810C-4F65-9B1E-AB5B76916761}.Release|x86.Build.0 = Release|Win32
	EndGlobalSection
	GlobalSection(SolutionProperties) = preSolution
		HideSolutionNode = FALSE
	EndGlobalSection
	GlobalSection(ExtensibilityGlobals) = postSolution
		SolutionGuid = {AC722574-BC7D-4F8C-85F3-DEFE24AD79A0}
	EndGlobalSection
EndGlobal
