
Microsoft Visual Studio Solution File, Format Version 12.00
# Visual Studio 15
VisualStudioVersion = 15.0.28307.572
MinimumVisualStudioVersion = 10.0.40219.1
Project("{8BC9CEB8-8B4A-11D0-8D11-00A0C91BC942}") = "SWEA 7991 줄 세우기", "SWEA 7991 줄 세우기\SWEA 7991 줄 세우기.vcxproj", "{1B53E053-41D8-42BD-AF68-B2A46FD38140}"
EndProject
Global
	GlobalSection(SolutionConfigurationPlatforms) = preSolution
		Debug|x64 = Debug|x64
		Debug|x86 = Debug|x86
		Release|x64 = Release|x64
		Release|x86 = Release|x86
	EndGlobalSection
	GlobalSection(ProjectConfigurationPlatforms) = postSolution
		{1B53E053-41D8-42BD-AF68-B2A46FD38140}.Debug|x64.ActiveCfg = Debug|x64
		{1B53E053-41D8-42BD-AF68-B2A46FD38140}.Debug|x64.Build.0 = Debug|x64
		{1B53E053-41D8-42BD-AF68-B2A46FD38140}.Debug|x86.ActiveCfg = Debug|Win32
		{1B53E053-41D8-42BD-AF68-B2A46FD38140}.Debug|x86.Build.0 = Debug|Win32
		{1B53E053-41D8-42BD-AF68-B2A46FD38140}.Release|x64.ActiveCfg = Release|x64
		{1B53E053-41D8-42BD-AF68-B2A46FD38140}.Release|x64.Build.0 = Release|x64
		{1B53E053-41D8-42BD-AF68-B2A46FD38140}.Release|x86.ActiveCfg = Release|Win32
		{1B53E053-41D8-42BD-AF68-B2A46FD38140}.Release|x86.Build.0 = Release|Win32
	EndGlobalSection
	GlobalSection(SolutionProperties) = preSolution
		HideSolutionNode = FALSE
	EndGlobalSection
	GlobalSection(ExtensibilityGlobals) = postSolution
		SolutionGuid = {380F2BB3-84AF-40F9-9BA9-A1AF60A57172}
	EndGlobalSection
EndGlobal
