
Microsoft Visual Studio Solution File, Format Version 12.00
# Visual Studio 15
VisualStudioVersion = 15.0.28307.136
MinimumVisualStudioVersion = 10.0.40219.1
Project("{8BC9CEB8-8B4A-11D0-8D11-00A0C91BC942}") = "2931 가스관", "2931 가스관\2931 가스관.vcxproj", "{2451190F-F95C-46F8-A614-99F50749CB51}"
EndProject
Global
	GlobalSection(SolutionConfigurationPlatforms) = preSolution
		Debug|x64 = Debug|x64
		Debug|x86 = Debug|x86
		Release|x64 = Release|x64
		Release|x86 = Release|x86
	EndGlobalSection
	GlobalSection(ProjectConfigurationPlatforms) = postSolution
		{2451190F-F95C-46F8-A614-99F50749CB51}.Debug|x64.ActiveCfg = Debug|x64
		{2451190F-F95C-46F8-A614-99F50749CB51}.Debug|x64.Build.0 = Debug|x64
		{2451190F-F95C-46F8-A614-99F50749CB51}.Debug|x86.ActiveCfg = Debug|Win32
		{2451190F-F95C-46F8-A614-99F50749CB51}.Debug|x86.Build.0 = Debug|Win32
		{2451190F-F95C-46F8-A614-99F50749CB51}.Release|x64.ActiveCfg = Release|x64
		{2451190F-F95C-46F8-A614-99F50749CB51}.Release|x64.Build.0 = Release|x64
		{2451190F-F95C-46F8-A614-99F50749CB51}.Release|x86.ActiveCfg = Release|Win32
		{2451190F-F95C-46F8-A614-99F50749CB51}.Release|x86.Build.0 = Release|Win32
	EndGlobalSection
	GlobalSection(SolutionProperties) = preSolution
		HideSolutionNode = FALSE
	EndGlobalSection
	GlobalSection(ExtensibilityGlobals) = postSolution
		SolutionGuid = {E84B6FCE-1129-4308-921B-4B80E9B2DCE3}
	EndGlobalSection
EndGlobal
