
Microsoft Visual Studio Solution File, Format Version 12.00
# Visual Studio 15
VisualStudioVersion = 15.0.28307.572
MinimumVisualStudioVersion = 10.0.40219.1
Project("{8BC9CEB8-8B4A-11D0-8D11-00A0C91BC942}") = "CodeGround 85 외계메세지", "CodeGround 85 외계메세지\CodeGround 85 외계메세지.vcxproj", "{8C78FD4F-CE74-4709-9223-779B3CA09109}"
EndProject
Global
	GlobalSection(SolutionConfigurationPlatforms) = preSolution
		Debug|x64 = Debug|x64
		Debug|x86 = Debug|x86
		Release|x64 = Release|x64
		Release|x86 = Release|x86
	EndGlobalSection
	GlobalSection(ProjectConfigurationPlatforms) = postSolution
		{8C78FD4F-CE74-4709-9223-779B3CA09109}.Debug|x64.ActiveCfg = Debug|x64
		{8C78FD4F-CE74-4709-9223-779B3CA09109}.Debug|x64.Build.0 = Debug|x64
		{8C78FD4F-CE74-4709-9223-779B3CA09109}.Debug|x86.ActiveCfg = Debug|Win32
		{8C78FD4F-CE74-4709-9223-779B3CA09109}.Debug|x86.Build.0 = Debug|Win32
		{8C78FD4F-CE74-4709-9223-779B3CA09109}.Release|x64.ActiveCfg = Release|x64
		{8C78FD4F-CE74-4709-9223-779B3CA09109}.Release|x64.Build.0 = Release|x64
		{8C78FD4F-CE74-4709-9223-779B3CA09109}.Release|x86.ActiveCfg = Release|Win32
		{8C78FD4F-CE74-4709-9223-779B3CA09109}.Release|x86.Build.0 = Release|Win32
	EndGlobalSection
	GlobalSection(SolutionProperties) = preSolution
		HideSolutionNode = FALSE
	EndGlobalSection
	GlobalSection(ExtensibilityGlobals) = postSolution
		SolutionGuid = {B37738AD-90E6-40ED-9D3E-6718AEA4EC5B}
	EndGlobalSection
EndGlobal
