
Microsoft Visual Studio Solution File, Format Version 12.00
# Visual Studio 15
VisualStudioVersion = 15.0.28307.136
MinimumVisualStudioVersion = 10.0.40219.1
Project("{8BC9CEB8-8B4A-11D0-8D11-00A0C91BC942}") = "7562 나이트의 이동", "7562 나이트의 이동\7562 나이트의 이동.vcxproj", "{0762503F-0382-4EEF-A1EF-A3A873924915}"
EndProject
Global
	GlobalSection(SolutionConfigurationPlatforms) = preSolution
		Debug|x64 = Debug|x64
		Debug|x86 = Debug|x86
		Release|x64 = Release|x64
		Release|x86 = Release|x86
	EndGlobalSection
	GlobalSection(ProjectConfigurationPlatforms) = postSolution
		{0762503F-0382-4EEF-A1EF-A3A873924915}.Debug|x64.ActiveCfg = Debug|x64
		{0762503F-0382-4EEF-A1EF-A3A873924915}.Debug|x64.Build.0 = Debug|x64
		{0762503F-0382-4EEF-A1EF-A3A873924915}.Debug|x86.ActiveCfg = Debug|Win32
		{0762503F-0382-4EEF-A1EF-A3A873924915}.Debug|x86.Build.0 = Debug|Win32
		{0762503F-0382-4EEF-A1EF-A3A873924915}.Release|x64.ActiveCfg = Release|x64
		{0762503F-0382-4EEF-A1EF-A3A873924915}.Release|x64.Build.0 = Release|x64
		{0762503F-0382-4EEF-A1EF-A3A873924915}.Release|x86.ActiveCfg = Release|Win32
		{0762503F-0382-4EEF-A1EF-A3A873924915}.Release|x86.Build.0 = Release|Win32
	EndGlobalSection
	GlobalSection(SolutionProperties) = preSolution
		HideSolutionNode = FALSE
	EndGlobalSection
	GlobalSection(ExtensibilityGlobals) = postSolution
		SolutionGuid = {3F60E720-3601-432B-8B36-55C98A52D910}
	EndGlobalSection
EndGlobal
