
Microsoft Visual Studio Solution File, Format Version 12.00
# Visual Studio 15
VisualStudioVersion = 15.0.28307.572
MinimumVisualStudioVersion = 10.0.40219.1
Project("{8BC9CEB8-8B4A-11D0-8D11-00A0C91BC942}") = "SWEA 7812 옥희의 OK부동산", "SWEA 7812 옥희의 OK부동산\SWEA 7812 옥희의 OK부동산.vcxproj", "{900F84CD-EB6C-4D3C-9797-DF1EC31ED393}"
EndProject
Global
	GlobalSection(SolutionConfigurationPlatforms) = preSolution
		Debug|x64 = Debug|x64
		Debug|x86 = Debug|x86
		Release|x64 = Release|x64
		Release|x86 = Release|x86
	EndGlobalSection
	GlobalSection(ProjectConfigurationPlatforms) = postSolution
		{900F84CD-EB6C-4D3C-9797-DF1EC31ED393}.Debug|x64.ActiveCfg = Debug|x64
		{900F84CD-EB6C-4D3C-9797-DF1EC31ED393}.Debug|x64.Build.0 = Debug|x64
		{900F84CD-EB6C-4D3C-9797-DF1EC31ED393}.Debug|x86.ActiveCfg = Debug|Win32
		{900F84CD-EB6C-4D3C-9797-DF1EC31ED393}.Debug|x86.Build.0 = Debug|Win32
		{900F84CD-EB6C-4D3C-9797-DF1EC31ED393}.Release|x64.ActiveCfg = Release|x64
		{900F84CD-EB6C-4D3C-9797-DF1EC31ED393}.Release|x64.Build.0 = Release|x64
		{900F84CD-EB6C-4D3C-9797-DF1EC31ED393}.Release|x86.ActiveCfg = Release|Win32
		{900F84CD-EB6C-4D3C-9797-DF1EC31ED393}.Release|x86.Build.0 = Release|Win32
	EndGlobalSection
	GlobalSection(SolutionProperties) = preSolution
		HideSolutionNode = FALSE
	EndGlobalSection
	GlobalSection(ExtensibilityGlobals) = postSolution
		SolutionGuid = {A2956B71-AE7E-4ED5-9261-3F8FE12D2151}
	EndGlobalSection
EndGlobal
