
Microsoft Visual Studio Solution File, Format Version 12.00
# Visual Studio 15
VisualStudioVersion = 15.0.28307.572
MinimumVisualStudioVersion = 10.0.40219.1
Project("{8BC9CEB8-8B4A-11D0-8D11-00A0C91BC942}") = "SWEA 7102 준홍이의 카드놀이", "SWEA 7102 준홍이의 카드놀이\SWEA 7102 준홍이의 카드놀이.vcxproj", "{4F9AE7FF-E508-421B-86EB-B6FE21074BCE}"
EndProject
Global
	GlobalSection(SolutionConfigurationPlatforms) = preSolution
		Debug|x64 = Debug|x64
		Debug|x86 = Debug|x86
		Release|x64 = Release|x64
		Release|x86 = Release|x86
	EndGlobalSection
	GlobalSection(ProjectConfigurationPlatforms) = postSolution
		{4F9AE7FF-E508-421B-86EB-B6FE21074BCE}.Debug|x64.ActiveCfg = Debug|x64
		{4F9AE7FF-E508-421B-86EB-B6FE21074BCE}.Debug|x64.Build.0 = Debug|x64
		{4F9AE7FF-E508-421B-86EB-B6FE21074BCE}.Debug|x86.ActiveCfg = Debug|Win32
		{4F9AE7FF-E508-421B-86EB-B6FE21074BCE}.Debug|x86.Build.0 = Debug|Win32
		{4F9AE7FF-E508-421B-86EB-B6FE21074BCE}.Release|x64.ActiveCfg = Release|x64
		{4F9AE7FF-E508-421B-86EB-B6FE21074BCE}.Release|x64.Build.0 = Release|x64
		{4F9AE7FF-E508-421B-86EB-B6FE21074BCE}.Release|x86.ActiveCfg = Release|Win32
		{4F9AE7FF-E508-421B-86EB-B6FE21074BCE}.Release|x86.Build.0 = Release|Win32
	EndGlobalSection
	GlobalSection(SolutionProperties) = preSolution
		HideSolutionNode = FALSE
	EndGlobalSection
	GlobalSection(ExtensibilityGlobals) = postSolution
		SolutionGuid = {63EA6D55-E61A-484B-80E3-5298AD8E5566}
	EndGlobalSection
EndGlobal
