
Microsoft Visual Studio Solution File, Format Version 12.00
# Visual Studio 15
VisualStudioVersion = 15.0.28307.572
MinimumVisualStudioVersion = 10.0.40219.1
Project("{8BC9CEB8-8B4A-11D0-8D11-00A0C91BC942}") = "11054 가장 긴 바이토닉 부분 수열", "11054 가장 긴 바이토닉 부분 수열\11054 가장 긴 바이토닉 부분 수열.vcxproj", "{92167F1D-0583-4FB7-BB88-AC0EABD17434}"
EndProject
Global
	GlobalSection(SolutionConfigurationPlatforms) = preSolution
		Debug|x64 = Debug|x64
		Debug|x86 = Debug|x86
		Release|x64 = Release|x64
		Release|x86 = Release|x86
	EndGlobalSection
	GlobalSection(ProjectConfigurationPlatforms) = postSolution
		{92167F1D-0583-4FB7-BB88-AC0EABD17434}.Debug|x64.ActiveCfg = Debug|x64
		{92167F1D-0583-4FB7-BB88-AC0EABD17434}.Debug|x64.Build.0 = Debug|x64
		{92167F1D-0583-4FB7-BB88-AC0EABD17434}.Debug|x86.ActiveCfg = Debug|Win32
		{92167F1D-0583-4FB7-BB88-AC0EABD17434}.Debug|x86.Build.0 = Debug|Win32
		{92167F1D-0583-4FB7-BB88-AC0EABD17434}.Release|x64.ActiveCfg = Release|x64
		{92167F1D-0583-4FB7-BB88-AC0EABD17434}.Release|x64.Build.0 = Release|x64
		{92167F1D-0583-4FB7-BB88-AC0EABD17434}.Release|x86.ActiveCfg = Release|Win32
		{92167F1D-0583-4FB7-BB88-AC0EABD17434}.Release|x86.Build.0 = Release|Win32
	EndGlobalSection
	GlobalSection(SolutionProperties) = preSolution
		HideSolutionNode = FALSE
	EndGlobalSection
	GlobalSection(ExtensibilityGlobals) = postSolution
		SolutionGuid = {B57075B3-1A2A-4116-A473-9924C548C1F1}
	EndGlobalSection
EndGlobal
