
Microsoft Visual Studio Solution File, Format Version 12.00
# Visual Studio 15
VisualStudioVersion = 15.0.28307.572
MinimumVisualStudioVersion = 10.0.40219.1
Project("{8BC9CEB8-8B4A-11D0-8D11-00A0C91BC942}") = "A+B 시리즈", "A+B 시리즈\A+B 시리즈.vcxproj", "{D4B4D6FB-F10D-4076-A748-1DE699A648CA}"
EndProject
Global
	GlobalSection(SolutionConfigurationPlatforms) = preSolution
		Debug|x64 = Debug|x64
		Debug|x86 = Debug|x86
		Release|x64 = Release|x64
		Release|x86 = Release|x86
	EndGlobalSection
	GlobalSection(ProjectConfigurationPlatforms) = postSolution
		{D4B4D6FB-F10D-4076-A748-1DE699A648CA}.Debug|x64.ActiveCfg = Debug|x64
		{D4B4D6FB-F10D-4076-A748-1DE699A648CA}.Debug|x64.Build.0 = Debug|x64
		{D4B4D6FB-F10D-4076-A748-1DE699A648CA}.Debug|x86.ActiveCfg = Debug|Win32
		{D4B4D6FB-F10D-4076-A748-1DE699A648CA}.Debug|x86.Build.0 = Debug|Win32
		{D4B4D6FB-F10D-4076-A748-1DE699A648CA}.Release|x64.ActiveCfg = Release|x64
		{D4B4D6FB-F10D-4076-A748-1DE699A648CA}.Release|x64.Build.0 = Release|x64
		{D4B4D6FB-F10D-4076-A748-1DE699A648CA}.Release|x86.ActiveCfg = Release|Win32
		{D4B4D6FB-F10D-4076-A748-1DE699A648CA}.Release|x86.Build.0 = Release|Win32
	EndGlobalSection
	GlobalSection(SolutionProperties) = preSolution
		HideSolutionNode = FALSE
	EndGlobalSection
	GlobalSection(ExtensibilityGlobals) = postSolution
		SolutionGuid = {83454CA6-B6A4-4A2E-9EAA-282E0FAE0155}
	EndGlobalSection
EndGlobal
