
Microsoft Visual Studio Solution File, Format Version 12.00
# Visual Studio 15
VisualStudioVersion = 15.0.28307.136
MinimumVisualStudioVersion = 10.0.40219.1
Project("{8BC9CEB8-8B4A-11D0-8D11-00A0C91BC942}") = "1932 정수삼각형", "1932 정수삼각형\1932 정수삼각형.vcxproj", "{260A4DD6-0AAC-4158-99DB-0D2AACD4B48A}"
EndProject
Global
	GlobalSection(SolutionConfigurationPlatforms) = preSolution
		Debug|x64 = Debug|x64
		Debug|x86 = Debug|x86
		Release|x64 = Release|x64
		Release|x86 = Release|x86
	EndGlobalSection
	GlobalSection(ProjectConfigurationPlatforms) = postSolution
		{260A4DD6-0AAC-4158-99DB-0D2AACD4B48A}.Debug|x64.ActiveCfg = Debug|x64
		{260A4DD6-0AAC-4158-99DB-0D2AACD4B48A}.Debug|x64.Build.0 = Debug|x64
		{260A4DD6-0AAC-4158-99DB-0D2AACD4B48A}.Debug|x86.ActiveCfg = Debug|Win32
		{260A4DD6-0AAC-4158-99DB-0D2AACD4B48A}.Debug|x86.Build.0 = Debug|Win32
		{260A4DD6-0AAC-4158-99DB-0D2AACD4B48A}.Release|x64.ActiveCfg = Release|x64
		{260A4DD6-0AAC-4158-99DB-0D2AACD4B48A}.Release|x64.Build.0 = Release|x64
		{260A4DD6-0AAC-4158-99DB-0D2AACD4B48A}.Release|x86.ActiveCfg = Release|Win32
		{260A4DD6-0AAC-4158-99DB-0D2AACD4B48A}.Release|x86.Build.0 = Release|Win32
	EndGlobalSection
	GlobalSection(SolutionProperties) = preSolution
		HideSolutionNode = FALSE
	EndGlobalSection
	GlobalSection(ExtensibilityGlobals) = postSolution
		SolutionGuid = {17F6473C-D7DF-40F4-AE98-6E8015E1DFC3}
	EndGlobalSection
EndGlobal
